// !$*UTF8*$!
{
	archiveVersion = 1;
	classes = {
	};
	objectVersion = 55;
	objects = {

/* Begin PBXBuildFile section */
		EF8B06EE283F7DE10050E726 /* AppDelegate.swift in Sources */ = {isa = PBXBuildFile; fileRef = EF8B06ED283F7DE10050E726 /* AppDelegate.swift */; };
		EF8B06F2283F7DE10050E726 /* LoginViewController.swift in Sources */ = {isa = PBXBuildFile; fileRef = EF8B06F1283F7DE10050E726 /* LoginViewController.swift */; };
		EF8B06F7283F7DE20050E726 /* Assets.xcassets in Resources */ = {isa = PBXBuildFile; fileRef = EF8B06F6283F7DE20050E726 /* Assets.xcassets */; };
		EF8B06FA283F7DE20050E726 /* LaunchScreen.storyboard in Resources */ = {isa = PBXBuildFile; fileRef = EF8B06F8283F7DE20050E726 /* LaunchScreen.storyboard */; };
		EF8B0722283F82910050E726 /* LoginView.swift in Sources */ = {isa = PBXBuildFile; fileRef = EF8B0721283F82910050E726 /* LoginView.swift */; };
		EF8B0725283FB30F0050E726 /* OnboardingContainerViewController.swift in Sources */ = {isa = PBXBuildFile; fileRef = EF8B0724283FB30F0050E726 /* OnboardingContainerViewController.swift */; };
		EF8B0727283FB6940050E726 /* OnboardingPageViewController.swift in Sources */ = {isa = PBXBuildFile; fileRef = EF8B0726283FB6940050E726 /* OnboardingPageViewController.swift */; };
		EF8B072C283FF7D00050E726 /* UIViewControllerExtension.swift in Sources */ = {isa = PBXBuildFile; fileRef = EF8B072B283FF7D00050E726 /* UIViewControllerExtension.swift */; };
		EF8B072E28400CF90050E726 /* CustomButton.swift in Sources */ = {isa = PBXBuildFile; fileRef = EF8B072D28400CF90050E726 /* CustomButton.swift */; };
		EF8B07302840147C0050E726 /* OnboardingPageDelegate.swift in Sources */ = {isa = PBXBuildFile; fileRef = EF8B072F2840147C0050E726 /* OnboardingPageDelegate.swift */; };
		EF8B0733284036F30050E726 /* DummyHomeViewController.swift in Sources */ = {isa = PBXBuildFile; fileRef = EF8B0732284036F30050E726 /* DummyHomeViewController.swift */; };
		EF8B073A28409A7C0050E726 /* MainViewController.swift in Sources */ = {isa = PBXBuildFile; fileRef = EF8B073928409A7C0050E726 /* MainViewController.swift */; };
		EF8B073C28409B080050E726 /* SummaryViewController.swift in Sources */ = {isa = PBXBuildFile; fileRef = EF8B073B28409B080050E726 /* SummaryViewController.swift */; };
		EF8B073F28409B8F0050E726 /* MoneyViewController.swift in Sources */ = {isa = PBXBuildFile; fileRef = EF8B073E28409B8F0050E726 /* MoneyViewController.swift */; };
		EF8B074228409BD70050E726 /* MoreViewController.swift in Sources */ = {isa = PBXBuildFile; fileRef = EF8B074128409BD70050E726 /* MoreViewController.swift */; };
		EF8B07442840A05D0050E726 /* UINavigationControllerExtension.swift in Sources */ = {isa = PBXBuildFile; fileRef = EF8B07432840A05D0050E726 /* UINavigationControllerExtension.swift */; };
		EF8B074A2840B5390050E726 /* CustomLabel.swift in Sources */ = {isa = PBXBuildFile; fileRef = EF8B07492840B5390050E726 /* CustomLabel.swift */; };
		EF8B074C2840B9240050E726 /* SummaryTableHeaderView.swift in Sources */ = {isa = PBXBuildFile; fileRef = EF8B074B2840B9240050E726 /* SummaryTableHeaderView.swift */; };
		EFAC30102840F1B300D0796A /* SummaryDetailCell.swift in Sources */ = {isa = PBXBuildFile; fileRef = EFAC300F2840F1B300D0796A /* SummaryDetailCell.swift */; };
		EFAC30132840F1E000D0796A /* TransactionModel.swift in Sources */ = {isa = PBXBuildFile; fileRef = EFAC30122840F1E000D0796A /* TransactionModel.swift */; };
		EFAC301628417DA300D0796A /* StringExtension.swift in Sources */ = {isa = PBXBuildFile; fileRef = EFAC301528417DA300D0796A /* StringExtension.swift */; };
		EFAC301B284222A500D0796A /* CurrencyFormatter.swift in Sources */ = {isa = PBXBuildFile; fileRef = EFAC301A284222A500D0796A /* CurrencyFormatter.swift */; };
		EFAC302328422B7000D0796A /* BanksyUnitTests.swift in Sources */ = {isa = PBXBuildFile; fileRef = EFAC302228422B7000D0796A /* BanksyUnitTests.swift */; };
		EFAC302A28422B8F00D0796A /* CurrencyFormatterTests.swift in Sources */ = {isa = PBXBuildFile; fileRef = EFAC302928422B8F00D0796A /* CurrencyFormatterTests.swift */; };
		EFAC302E28422F6D00D0796A /* CurrencyFormatter.swift in Sources */ = {isa = PBXBuildFile; fileRef = EFAC301A284222A500D0796A /* CurrencyFormatter.swift */; };
		EFAC303028423B2200D0796A /* NotificationCenter.swift in Sources */ = {isa = PBXBuildFile; fileRef = EFAC302F28423B2200D0796A /* NotificationCenter.swift */; };
		EFAC30322842432D00D0796A /* UITextFieldView.swift in Sources */ = {isa = PBXBuildFile; fileRef = EFAC30312842432D00D0796A /* UITextFieldView.swift */; };
/* End PBXBuildFile section */

/* Begin PBXContainerItemProxy section */
		EFAC302428422B7000D0796A /* PBXContainerItemProxy */ = {
			isa = PBXContainerItemProxy;
			containerPortal = EF8B06E2283F7DE00050E726 /* Project object */;
			proxyType = 1;
			remoteGlobalIDString = EF8B06E9283F7DE00050E726;
			remoteInfo = Banksy;
		};
/* End PBXContainerItemProxy section */

/* Begin PBXFileReference section */
		EF8B06EA283F7DE00050E726 /* Banksy.app */ = {isa = PBXFileReference; explicitFileType = wrapper.application; includeInIndex = 0; path = Banksy.app; sourceTree = BUILT_PRODUCTS_DIR; };
		EF8B06ED283F7DE10050E726 /* AppDelegate.swift */ = {isa = PBXFileReference; lastKnownFileType = sourcecode.swift; path = AppDelegate.swift; sourceTree = "<group>"; };
		EF8B06F1283F7DE10050E726 /* LoginViewController.swift */ = {isa = PBXFileReference; lastKnownFileType = sourcecode.swift; path = LoginViewController.swift; sourceTree = "<group>"; };
		EF8B06F6283F7DE20050E726 /* Assets.xcassets */ = {isa = PBXFileReference; lastKnownFileType = folder.assetcatalog; path = Assets.xcassets; sourceTree = "<group>"; };
		EF8B06F9283F7DE20050E726 /* Base */ = {isa = PBXFileReference; lastKnownFileType = file.storyboard; name = Base; path = Base.lproj/LaunchScreen.storyboard; sourceTree = "<group>"; };
		EF8B06FB283F7DE20050E726 /* Info.plist */ = {isa = PBXFileReference; lastKnownFileType = text.plist.xml; path = Info.plist; sourceTree = "<group>"; };
		EF8B0721283F82910050E726 /* LoginView.swift */ = {isa = PBXFileReference; lastKnownFileType = sourcecode.swift; path = LoginView.swift; sourceTree = "<group>"; };
		EF8B0724283FB30F0050E726 /* OnboardingContainerViewController.swift */ = {isa = PBXFileReference; lastKnownFileType = sourcecode.swift; path = OnboardingContainerViewController.swift; sourceTree = "<group>"; };
		EF8B0726283FB6940050E726 /* OnboardingPageViewController.swift */ = {isa = PBXFileReference; lastKnownFileType = sourcecode.swift; path = OnboardingPageViewController.swift; sourceTree = "<group>"; };
		EF8B072B283FF7D00050E726 /* UIViewControllerExtension.swift */ = {isa = PBXFileReference; lastKnownFileType = sourcecode.swift; path = UIViewControllerExtension.swift; sourceTree = "<group>"; };
		EF8B072D28400CF90050E726 /* CustomButton.swift */ = {isa = PBXFileReference; lastKnownFileType = sourcecode.swift; path = CustomButton.swift; sourceTree = "<group>"; };
		EF8B072F2840147C0050E726 /* OnboardingPageDelegate.swift */ = {isa = PBXFileReference; lastKnownFileType = sourcecode.swift; path = OnboardingPageDelegate.swift; sourceTree = "<group>"; };
		EF8B0732284036F30050E726 /* DummyHomeViewController.swift */ = {isa = PBXFileReference; lastKnownFileType = sourcecode.swift; path = DummyHomeViewController.swift; sourceTree = "<group>"; };
		EF8B073928409A7C0050E726 /* MainViewController.swift */ = {isa = PBXFileReference; lastKnownFileType = sourcecode.swift; path = MainViewController.swift; sourceTree = "<group>"; };
		EF8B073B28409B080050E726 /* SummaryViewController.swift */ = {isa = PBXFileReference; lastKnownFileType = sourcecode.swift; path = SummaryViewController.swift; sourceTree = "<group>"; };
		EF8B073E28409B8F0050E726 /* MoneyViewController.swift */ = {isa = PBXFileReference; lastKnownFileType = sourcecode.swift; path = MoneyViewController.swift; sourceTree = "<group>"; };
		EF8B074128409BD70050E726 /* MoreViewController.swift */ = {isa = PBXFileReference; lastKnownFileType = sourcecode.swift; path = MoreViewController.swift; sourceTree = "<group>"; };
		EF8B07432840A05D0050E726 /* UINavigationControllerExtension.swift */ = {isa = PBXFileReference; lastKnownFileType = sourcecode.swift; path = UINavigationControllerExtension.swift; sourceTree = "<group>"; };
		EF8B07492840B5390050E726 /* CustomLabel.swift */ = {isa = PBXFileReference; lastKnownFileType = sourcecode.swift; path = CustomLabel.swift; sourceTree = "<group>"; };
		EF8B074B2840B9240050E726 /* SummaryTableHeaderView.swift */ = {isa = PBXFileReference; lastKnownFileType = sourcecode.swift; path = SummaryTableHeaderView.swift; sourceTree = "<group>"; };
		EFAC300F2840F1B300D0796A /* SummaryDetailCell.swift */ = {isa = PBXFileReference; lastKnownFileType = sourcecode.swift; path = SummaryDetailCell.swift; sourceTree = "<group>"; };
		EFAC30122840F1E000D0796A /* TransactionModel.swift */ = {isa = PBXFileReference; lastKnownFileType = sourcecode.swift; path = TransactionModel.swift; sourceTree = "<group>"; };
		EFAC301528417DA300D0796A /* StringExtension.swift */ = {isa = PBXFileReference; lastKnownFileType = sourcecode.swift; path = StringExtension.swift; sourceTree = "<group>"; };
		EFAC301A284222A500D0796A /* CurrencyFormatter.swift */ = {isa = PBXFileReference; lastKnownFileType = sourcecode.swift; path = CurrencyFormatter.swift; sourceTree = "<group>"; };
		EFAC302028422B7000D0796A /* BanksyUnitTests.xctest */ = {isa = PBXFileReference; explicitFileType = wrapper.cfbundle; includeInIndex = 0; path = BanksyUnitTests.xctest; sourceTree = BUILT_PRODUCTS_DIR; };
		EFAC302228422B7000D0796A /* BanksyUnitTests.swift */ = {isa = PBXFileReference; lastKnownFileType = sourcecode.swift; path = BanksyUnitTests.swift; sourceTree = "<group>"; };
		EFAC302928422B8F00D0796A /* CurrencyFormatterTests.swift */ = {isa = PBXFileReference; lastKnownFileType = sourcecode.swift; name = CurrencyFormatterTests.swift; path = BanksyUnitTests/CurrencyFormatterTests.swift; sourceTree = SOURCE_ROOT; };
		EFAC302F28423B2200D0796A /* NotificationCenter.swift */ = {isa = PBXFileReference; lastKnownFileType = sourcecode.swift; path = NotificationCenter.swift; sourceTree = "<group>"; };
		EFAC30312842432D00D0796A /* UITextFieldView.swift */ = {isa = PBXFileReference; lastKnownFileType = sourcecode.swift; path = UITextFieldView.swift; sourceTree = "<group>"; };
/* End PBXFileReference section */

/* Begin PBXFrameworksBuildPhase section */
		EF8B06E7283F7DE00050E726 /* Frameworks */ = {
			isa = PBXFrameworksBuildPhase;
			buildActionMask = 2147483647;
			files = (
			);
			runOnlyForDeploymentPostprocessing = 0;
		};
		EFAC301D28422B7000D0796A /* Frameworks */ = {
			isa = PBXFrameworksBuildPhase;
			buildActionMask = 2147483647;
			files = (
			);
			runOnlyForDeploymentPostprocessing = 0;
		};
/* End PBXFrameworksBuildPhase section */

/* Begin PBXGroup section */
		EF8B06E1283F7DE00050E726 = {
			isa = PBXGroup;
			children = (
				EF8B06EC283F7DE00050E726 /* Banksy */,
				EFAC302128422B7000D0796A /* BanksyUnitTests */,
				EF8B06EB283F7DE00050E726 /* Products */,
			);
			sourceTree = "<group>";
		};
		EF8B06EB283F7DE00050E726 /* Products */ = {
			isa = PBXGroup;
			children = (
				EF8B06EA283F7DE00050E726 /* Banksy.app */,
				EFAC302028422B7000D0796A /* BanksyUnitTests.xctest */,
			);
			name = Products;
			sourceTree = "<group>";
		};
		EF8B06EC283F7DE00050E726 /* Banksy */ = {
			isa = PBXGroup;
			children = (
				EFAC30192842229400D0796A /* Utils */,
				EFAC301428417D9400D0796A /* Extensions */,
				EFAC30112840F1D300D0796A /* Model */,
				EF8B074028409BC50050E726 /* More */,
				EF8B073D28409B550050E726 /* Money */,
				EF8B073828409A240050E726 /* Login */,
				EF8B073728409A000050E726 /* Onboarding */,
				EF8B0736284099DD0050E726 /* Components */,
				EF8B0735284099C40050E726 /* Summary */,
				EF8B06ED283F7DE10050E726 /* AppDelegate.swift */,
				EF8B071D283F81C10050E726 /* Files */,
				EF8B073928409A7C0050E726 /* MainViewController.swift */,
			);
			path = Banksy;
			sourceTree = "<group>";
		};
		EF8B071D283F81C10050E726 /* Files */ = {
			isa = PBXGroup;
			children = (
				EF8B06F6283F7DE20050E726 /* Assets.xcassets */,
				EF8B06F8283F7DE20050E726 /* LaunchScreen.storyboard */,
				EF8B06FB283F7DE20050E726 /* Info.plist */,
			);
			name = Files;
			sourceTree = "<group>";
		};
		EF8B0735284099C40050E726 /* Summary */ = {
			isa = PBXGroup;
			children = (
				EF8B0732284036F30050E726 /* DummyHomeViewController.swift */,
				EF8B073B28409B080050E726 /* SummaryViewController.swift */,
				EF8B074B2840B9240050E726 /* SummaryTableHeaderView.swift */,
				EFAC300F2840F1B300D0796A /* SummaryDetailCell.swift */,
			);
			path = Summary;
			sourceTree = "<group>";
		};
		EF8B0736284099DD0050E726 /* Components */ = {
			isa = PBXGroup;
			children = (
				EF8B072D28400CF90050E726 /* CustomButton.swift */,
				EF8B07492840B5390050E726 /* CustomLabel.swift */,
			);
			path = Components;
			sourceTree = "<group>";
		};
		EF8B073728409A000050E726 /* Onboarding */ = {
			isa = PBXGroup;
			children = (
				EF8B0724283FB30F0050E726 /* OnboardingContainerViewController.swift */,
				EF8B0726283FB6940050E726 /* OnboardingPageViewController.swift */,
				EF8B072F2840147C0050E726 /* OnboardingPageDelegate.swift */,
			);
			path = Onboarding;
			sourceTree = "<group>";
		};
		EF8B073828409A240050E726 /* Login */ = {
			isa = PBXGroup;
			children = (
				EF8B06F1283F7DE10050E726 /* LoginViewController.swift */,
				EF8B0721283F82910050E726 /* LoginView.swift */,
			);
			path = Login;
			sourceTree = "<group>";
		};
		EF8B073D28409B550050E726 /* Money */ = {
			isa = PBXGroup;
			children = (
				EF8B073E28409B8F0050E726 /* MoneyViewController.swift */,
			);
			path = Money;
			sourceTree = "<group>";
		};
		EF8B074028409BC50050E726 /* More */ = {
			isa = PBXGroup;
			children = (
				EF8B074128409BD70050E726 /* MoreViewController.swift */,
			);
			path = More;
			sourceTree = "<group>";
		};
		EFAC30112840F1D300D0796A /* Model */ = {
			isa = PBXGroup;
			children = (
				EFAC30122840F1E000D0796A /* TransactionModel.swift */,
			);
			path = Model;
			sourceTree = "<group>";
		};
		EFAC301428417D9400D0796A /* Extensions */ = {
			isa = PBXGroup;
			children = (
				EF8B072B283FF7D00050E726 /* UIViewControllerExtension.swift */,
				EF8B07432840A05D0050E726 /* UINavigationControllerExtension.swift */,
				EFAC301528417DA300D0796A /* StringExtension.swift */,
				EFAC302F28423B2200D0796A /* NotificationCenter.swift */,
				EFAC30312842432D00D0796A /* UITextFieldView.swift */,
			);
			path = Extensions;
			sourceTree = "<group>";
		};
		EFAC30192842229400D0796A /* Utils */ = {
			isa = PBXGroup;
			children = (
				EFAC301A284222A500D0796A /* CurrencyFormatter.swift */,
			);
			path = Utils;
			sourceTree = "<group>";
		};
		EFAC302128422B7000D0796A /* BanksyUnitTests */ = {
			isa = PBXGroup;
			children = (
				EFAC302228422B7000D0796A /* BanksyUnitTests.swift */,
				EFAC302928422B8F00D0796A /* CurrencyFormatterTests.swift */,
			);
			path = BanksyUnitTests;
			sourceTree = "<group>";
		};
/* End PBXGroup section */

/* Begin PBXNativeTarget section */
		EF8B06E9283F7DE00050E726 /* Banksy */ = {
			isa = PBXNativeTarget;
			buildConfigurationList = EF8B0714283F7DE20050E726 /* Build configuration list for PBXNativeTarget "Banksy" */;
			buildPhases = (
				EF8B06E6283F7DE00050E726 /* Sources */,
				EF8B06E7283F7DE00050E726 /* Frameworks */,
				EF8B06E8283F7DE00050E726 /* Resources */,
			);
			buildRules = (
			);
			dependencies = (
			);
			name = Banksy;
			productName = Banksy;
			productReference = EF8B06EA283F7DE00050E726 /* Banksy.app */;
			productType = "com.apple.product-type.application";
		};
		EFAC301F28422B7000D0796A /* BanksyUnitTests */ = {
			isa = PBXNativeTarget;
			buildConfigurationList = EFAC302628422B7000D0796A /* Build configuration list for PBXNativeTarget "BanksyUnitTests" */;
			buildPhases = (
				EFAC301C28422B7000D0796A /* Sources */,
				EFAC301D28422B7000D0796A /* Frameworks */,
				EFAC301E28422B7000D0796A /* Resources */,
			);
			buildRules = (
			);
			dependencies = (
				EFAC302528422B7000D0796A /* PBXTargetDependency */,
			);
			name = BanksyUnitTests;
			productName = BanksyUnitTests;
			productReference = EFAC302028422B7000D0796A /* BanksyUnitTests.xctest */;
			productType = "com.apple.product-type.bundle.unit-test";
		};
/* End PBXNativeTarget section */

/* Begin PBXProject section */
		EF8B06E2283F7DE00050E726 /* Project object */ = {
			isa = PBXProject;
			attributes = {
				BuildIndependentTargetsInParallel = 1;
				LastSwiftUpdateCheck = 1330;
				LastUpgradeCheck = 1330;
				TargetAttributes = {
					EF8B06E9283F7DE00050E726 = {
						CreatedOnToolsVersion = 13.3.1;
					};
					EFAC301F28422B7000D0796A = {
						CreatedOnToolsVersion = 13.3.1;
						TestTargetID = EF8B06E9283F7DE00050E726;
					};
				};
			};
			buildConfigurationList = EF8B06E5283F7DE00050E726 /* Build configuration list for PBXProject "Banksy" */;
			compatibilityVersion = "Xcode 13.0";
			developmentRegion = en;
			hasScannedForEncodings = 0;
			knownRegions = (
				en,
				Base,
			);
			mainGroup = EF8B06E1283F7DE00050E726;
			productRefGroup = EF8B06EB283F7DE00050E726 /* Products */;
			projectDirPath = "";
			projectRoot = "";
			targets = (
				EF8B06E9283F7DE00050E726 /* Banksy */,
				EFAC301F28422B7000D0796A /* BanksyUnitTests */,
			);
		};
/* End PBXProject section */

/* Begin PBXResourcesBuildPhase section */
		EF8B06E8283F7DE00050E726 /* Resources */ = {
			isa = PBXResourcesBuildPhase;
			buildActionMask = 2147483647;
			files = (
				EF8B06FA283F7DE20050E726 /* LaunchScreen.storyboard in Resources */,
				EF8B06F7283F7DE20050E726 /* Assets.xcassets in Resources */,
			);
			runOnlyForDeploymentPostprocessing = 0;
		};
		EFAC301E28422B7000D0796A /* Resources */ = {
			isa = PBXResourcesBuildPhase;
			buildActionMask = 2147483647;
			files = (
			);
			runOnlyForDeploymentPostprocessing = 0;
		};
/* End PBXResourcesBuildPhase section */

/* Begin PBXSourcesBuildPhase section */
		EF8B06E6283F7DE00050E726 /* Sources */ = {
			isa = PBXSourcesBuildPhase;
			buildActionMask = 2147483647;
			files = (
				EFAC30322842432D00D0796A /* UITextFieldView.swift in Sources */,
				EFAC30132840F1E000D0796A /* TransactionModel.swift in Sources */,
				EF8B072C283FF7D00050E726 /* UIViewControllerExtension.swift in Sources */,
				EF8B074C2840B9240050E726 /* SummaryTableHeaderView.swift in Sources */,
				EF8B074A2840B5390050E726 /* CustomLabel.swift in Sources */,
				EF8B074228409BD70050E726 /* MoreViewController.swift in Sources */,
				EFAC30102840F1B300D0796A /* SummaryDetailCell.swift in Sources */,
				EF8B072E28400CF90050E726 /* CustomButton.swift in Sources */,
				EF8B07302840147C0050E726 /* OnboardingPageDelegate.swift in Sources */,
				EF8B073F28409B8F0050E726 /* MoneyViewController.swift in Sources */,
				EFAC301B284222A500D0796A /* CurrencyFormatter.swift in Sources */,
				EF8B0722283F82910050E726 /* LoginView.swift in Sources */,
				EF8B06F2283F7DE10050E726 /* LoginViewController.swift in Sources */,
				EF8B0733284036F30050E726 /* DummyHomeViewController.swift in Sources */,
				EF8B0727283FB6940050E726 /* OnboardingPageViewController.swift in Sources */,
				EF8B07442840A05D0050E726 /* UINavigationControllerExtension.swift in Sources */,
				EF8B073C28409B080050E726 /* SummaryViewController.swift in Sources */,
				EFAC303028423B2200D0796A /* NotificationCenter.swift in Sources */,
				EF8B06EE283F7DE10050E726 /* AppDelegate.swift in Sources */,
				EFAC301628417DA300D0796A /* StringExtension.swift in Sources */,
				EF8B0725283FB30F0050E726 /* OnboardingContainerViewController.swift in Sources */,
				EF8B073A28409A7C0050E726 /* MainViewController.swift in Sources */,
			);
			runOnlyForDeploymentPostprocessing = 0;
		};
		EFAC301C28422B7000D0796A /* Sources */ = {
			isa = PBXSourcesBuildPhase;
			buildActionMask = 2147483647;
			files = (
				EFAC302E28422F6D00D0796A /* CurrencyFormatter.swift in Sources */,
				EFAC302328422B7000D0796A /* BanksyUnitTests.swift in Sources */,
				EFAC302A28422B8F00D0796A /* CurrencyFormatterTests.swift in Sources */,
			);
			runOnlyForDeploymentPostprocessing = 0;
		};
/* End PBXSourcesBuildPhase section */

/* Begin PBXTargetDependency section */
		EFAC302528422B7000D0796A /* PBXTargetDependency */ = {
			isa = PBXTargetDependency;
			target = EF8B06E9283F7DE00050E726 /* Banksy */;
			targetProxy = EFAC302428422B7000D0796A /* PBXContainerItemProxy */;
		};
/* End PBXTargetDependency section */

/* Begin PBXVariantGroup section */
		EF8B06F8283F7DE20050E726 /* LaunchScreen.storyboard */ = {
			isa = PBXVariantGroup;
			children = (
				EF8B06F9283F7DE20050E726 /* Base */,
			);
			name = LaunchScreen.storyboard;
			sourceTree = "<group>";
		};
/* End PBXVariantGroup section */

/* Begin XCBuildConfiguration section */
		EF8B0712283F7DE20050E726 /* Debug */ = {
			isa = XCBuildConfiguration;
			buildSettings = {
				ALWAYS_SEARCH_USER_PATHS = NO;
				CLANG_ANALYZER_NONNULL = YES;
				CLANG_ANALYZER_NUMBER_OBJECT_CONVERSION = YES_AGGRESSIVE;
				CLANG_CXX_LANGUAGE_STANDARD = "gnu++17";
				CLANG_ENABLE_MODULES = YES;
				CLANG_ENABLE_OBJC_ARC = YES;
				CLANG_ENABLE_OBJC_WEAK = YES;
				CLANG_WARN_BLOCK_CAPTURE_AUTORELEASING = YES;
				CLANG_WARN_BOOL_CONVERSION = YES;
				CLANG_WARN_COMMA = YES;
				CLANG_WARN_CONSTANT_CONVERSION = YES;
				CLANG_WARN_DEPRECATED_OBJC_IMPLEMENTATIONS = YES;
				CLANG_WARN_DIRECT_OBJC_ISA_USAGE = YES_ERROR;
				CLANG_WARN_DOCUMENTATION_COMMENTS = YES;
				CLANG_WARN_EMPTY_BODY = YES;
				CLANG_WARN_ENUM_CONVERSION = YES;
				CLANG_WARN_INFINITE_RECURSION = YES;
				CLANG_WARN_INT_CONVERSION = YES;
				CLANG_WARN_NON_LITERAL_NULL_CONVERSION = YES;
				CLANG_WARN_OBJC_IMPLICIT_RETAIN_SELF = YES;
				CLANG_WARN_OBJC_LITERAL_CONVERSION = YES;
				CLANG_WARN_OBJC_ROOT_CLASS = YES_ERROR;
				CLANG_WARN_QUOTED_INCLUDE_IN_FRAMEWORK_HEADER = YES;
				CLANG_WARN_RANGE_LOOP_ANALYSIS = YES;
				CLANG_WARN_STRICT_PROTOTYPES = YES;
				CLANG_WARN_SUSPICIOUS_MOVE = YES;
				CLANG_WARN_UNGUARDED_AVAILABILITY = YES_AGGRESSIVE;
				CLANG_WARN_UNREACHABLE_CODE = YES;
				CLANG_WARN__DUPLICATE_METHOD_MATCH = YES;
				COPY_PHASE_STRIP = NO;
				DEBUG_INFORMATION_FORMAT = dwarf;
				ENABLE_STRICT_OBJC_MSGSEND = YES;
				ENABLE_TESTABILITY = YES;
				GCC_C_LANGUAGE_STANDARD = gnu11;
				GCC_DYNAMIC_NO_PIC = NO;
				GCC_NO_COMMON_BLOCKS = YES;
				GCC_OPTIMIZATION_LEVEL = 0;
				GCC_PREPROCESSOR_DEFINITIONS = (
					"DEBUG=1",
					"$(inherited)",
				);
				GCC_WARN_64_TO_32_BIT_CONVERSION = YES;
				GCC_WARN_ABOUT_RETURN_TYPE = YES_ERROR;
				GCC_WARN_UNDECLARED_SELECTOR = YES;
				GCC_WARN_UNINITIALIZED_AUTOS = YES_AGGRESSIVE;
				GCC_WARN_UNUSED_FUNCTION = YES;
				GCC_WARN_UNUSED_VARIABLE = YES;
				IPHONEOS_DEPLOYMENT_TARGET = 15.4;
				MTL_ENABLE_DEBUG_INFO = INCLUDE_SOURCE;
				MTL_FAST_MATH = YES;
				ONLY_ACTIVE_ARCH = YES;
				SDKROOT = iphoneos;
				SWIFT_ACTIVE_COMPILATION_CONDITIONS = DEBUG;
				SWIFT_OPTIMIZATION_LEVEL = "-Onone";
			};
			name = Debug;
		};
		EF8B0713283F7DE20050E726 /* Release */ = {
			isa = XCBuildConfiguration;
			buildSettings = {
				ALWAYS_SEARCH_USER_PATHS = NO;
				CLANG_ANALYZER_NONNULL = YES;
				CLANG_ANALYZER_NUMBER_OBJECT_CONVERSION = YES_AGGRESSIVE;
				CLANG_CXX_LANGUAGE_STANDARD = "gnu++17";
				CLANG_ENABLE_MODULES = YES;
				CLANG_ENABLE_OBJC_ARC = YES;
				CLANG_ENABLE_OBJC_WEAK = YES;
				CLANG_WARN_BLOCK_CAPTURE_AUTORELEASING = YES;
				CLANG_WARN_BOOL_CONVERSION = YES;
				CLANG_WARN_COMMA = YES;
				CLANG_WARN_CONSTANT_CONVERSION = YES;
				CLANG_WARN_DEPRECATED_OBJC_IMPLEMENTATIONS = YES;
				CLANG_WARN_DIRECT_OBJC_ISA_USAGE = YES_ERROR;
				CLANG_WARN_DOCUMENTATION_COMMENTS = YES;
				CLANG_WARN_EMPTY_BODY = YES;
				CLANG_WARN_ENUM_CONVERSION = YES;
				CLANG_WARN_INFINITE_RECURSION = YES;
				CLANG_WARN_INT_CONVERSION = YES;
				CLANG_WARN_NON_LITERAL_NULL_CONVERSION = YES;
				CLANG_WARN_OBJC_IMPLICIT_RETAIN_SELF = YES;
				CLANG_WARN_OBJC_LITERAL_CONVERSION = YES;
				CLANG_WARN_OBJC_ROOT_CLASS = YES_ERROR;
				CLANG_WARN_QUOTED_INCLUDE_IN_FRAMEWORK_HEADER = YES;
				CLANG_WARN_RANGE_LOOP_ANALYSIS = YES;
				CLANG_WARN_STRICT_PROTOTYPES = YES;
				CLANG_WARN_SUSPICIOUS_MOVE = YES;
				CLANG_WARN_UNGUARDED_AVAILABILITY = YES_AGGRESSIVE;
				CLANG_WARN_UNREACHABLE_CODE = YES;
				CLANG_WARN__DUPLICATE_METHOD_MATCH = YES;
				COPY_PHASE_STRIP = NO;
				DEBUG_INFORMATION_FORMAT = "dwarf-with-dsym";
				ENABLE_NS_ASSERTIONS = NO;
				ENABLE_STRICT_OBJC_MSGSEND = YES;
				GCC_C_LANGUAGE_STANDARD = gnu11;
				GCC_NO_COMMON_BLOCKS = YES;
				GCC_WARN_64_TO_32_BIT_CONVERSION = YES;
				GCC_WARN_ABOUT_RETURN_TYPE = YES_ERROR;
				GCC_WARN_UNDECLARED_SELECTOR = YES;
				GCC_WARN_UNINITIALIZED_AUTOS = YES_AGGRESSIVE;
				GCC_WARN_UNUSED_FUNCTION = YES;
				GCC_WARN_UNUSED_VARIABLE = YES;
				IPHONEOS_DEPLOYMENT_TARGET = 15.4;
				MTL_ENABLE_DEBUG_INFO = NO;
				MTL_FAST_MATH = YES;
				SDKROOT = iphoneos;
				SWIFT_COMPILATION_MODE = wholemodule;
				SWIFT_OPTIMIZATION_LEVEL = "-O";
				VALIDATE_PRODUCT = YES;
			};
			name = Release;
		};
		EF8B0715283F7DE20050E726 /* Debug */ = {
			isa = XCBuildConfiguration;
			buildSettings = {
				ASSETCATALOG_COMPILER_APPICON_NAME = AppIcon;
				ASSETCATALOG_COMPILER_GLOBAL_ACCENT_COLOR_NAME = AccentColor;
				CODE_SIGN_STYLE = Automatic;
				CURRENT_PROJECT_VERSION = 1;
				DEVELOPMENT_TEAM = 8T963ZW2EJ;
				GENERATE_INFOPLIST_FILE = YES;
				INFOPLIST_FILE = Banksy/Info.plist;
				INFOPLIST_KEY_UIApplicationSupportsIndirectInputEvents = YES;
				INFOPLIST_KEY_UILaunchStoryboardName = LaunchScreen;
				INFOPLIST_KEY_UISupportedInterfaceOrientations_iPad = "UIInterfaceOrientationPortrait UIInterfaceOrientationPortraitUpsideDown UIInterfaceOrientationLandscapeLeft UIInterfaceOrientationLandscapeRight";
				INFOPLIST_KEY_UISupportedInterfaceOrientations_iPhone = "UIInterfaceOrientationPortrait UIInterfaceOrientationLandscapeLeft UIInterfaceOrientationLandscapeRight";
				LD_RUNPATH_SEARCH_PATHS = (
					"$(inherited)",
					"@executable_path/Frameworks",
				);
				MARKETING_VERSION = 1.0;
				PRODUCT_BUNDLE_IDENTIFIER = com.Krish.Banksy;
				PRODUCT_NAME = "$(TARGET_NAME)";
				SWIFT_EMIT_LOC_STRINGS = YES;
				SWIFT_VERSION = 5.0;
				TARGETED_DEVICE_FAMILY = "1,2";
			};
			name = Debug;
		};
		EF8B0716283F7DE20050E726 /* Release */ = {
			isa = XCBuildConfiguration;
			buildSettings = {
				ASSETCATALOG_COMPILER_APPICON_NAME = AppIcon;
				ASSETCATALOG_COMPILER_GLOBAL_ACCENT_COLOR_NAME = AccentColor;
				CODE_SIGN_STYLE = Automatic;
				CURRENT_PROJECT_VERSION = 1;
				DEVELOPMENT_TEAM = 8T963ZW2EJ;
				GENERATE_INFOPLIST_FILE = YES;
				INFOPLIST_FILE = Banksy/Info.plist;
				INFOPLIST_KEY_UIApplicationSupportsIndirectInputEvents = YES;
				INFOPLIST_KEY_UILaunchStoryboardName = LaunchScreen;
				INFOPLIST_KEY_UISupportedInterfaceOrientations_iPad = "UIInterfaceOrientationPortrait UIInterfaceOrientationPortraitUpsideDown UIInterfaceOrientationLandscapeLeft UIInterfaceOrientationLandscapeRight";
				INFOPLIST_KEY_UISupportedInterfaceOrientations_iPhone = "UIInterfaceOrientationPortrait UIInterfaceOrientationLandscapeLeft UIInterfaceOrientationLandscapeRight";
				LD_RUNPATH_SEARCH_PATHS = (
					"$(inherited)",
					"@executable_path/Frameworks",
				);
				MARKETING_VERSION = 1.0;
				PRODUCT_BUNDLE_IDENTIFIER = com.Krish.Banksy;
				PRODUCT_NAME = "$(TARGET_NAME)";
				SWIFT_EMIT_LOC_STRINGS = YES;
				SWIFT_VERSION = 5.0;
				TARGETED_DEVICE_FAMILY = "1,2";
			};
			name = Release;
		};
		EFAC302728422B7000D0796A /* Debug */ = {
			isa = XCBuildConfiguration;
			buildSettings = {
				BUNDLE_LOADER = "$(TEST_HOST)";
				CODE_SIGN_STYLE = Automatic;
				CURRENT_PROJECT_VERSION = 1;
				DEVELOPMENT_TEAM = 8T963ZW2EJ;
				GENERATE_INFOPLIST_FILE = YES;
				MARKETING_VERSION = 1.0;
				PRODUCT_BUNDLE_IDENTIFIER = com.Krish.BanksyUnitTests;
				PRODUCT_NAME = "$(TARGET_NAME)";
				SWIFT_EMIT_LOC_STRINGS = NO;
				SWIFT_VERSION = 5.0;
				TARGETED_DEVICE_FAMILY = "1,2";
				TEST_HOST = "$(BUILT_PRODUCTS_DIR)/Banksy.app/Banksy";
			};
			name = Debug;
		};
		EFAC302828422B7000D0796A /* Release */ = {
			isa = XCBuildConfiguration;
			buildSettings = {
				BUNDLE_LOADER = "$(TEST_HOST)";
				CODE_SIGN_STYLE = Automatic;
				CURRENT_PROJECT_VERSION = 1;
				DEVELOPMENT_TEAM = 8T963ZW2EJ;
				GENERATE_INFOPLIST_FILE = YES;
				MARKETING_VERSION = 1.0;
				PRODUCT_BUNDLE_IDENTIFIER = com.Krish.BanksyUnitTests;
				PRODUCT_NAME = "$(TARGET_NAME)";
				SWIFT_EMIT_LOC_STRINGS = NO;
				SWIFT_VERSION = 5.0;
				TARGETED_DEVICE_FAMILY = "1,2";
				TEST_HOST = "$(BUILT_PRODUCTS_DIR)/Banksy.app/Banksy";
			};
			name = Release;
		};
/* End XCBuildConfiguration section */

/* Begin XCConfigurationList section */
		EF8B06E5283F7DE00050E726 /* Build configuration list for PBXProject "Banksy" */ = {
			isa = XCConfigurationList;
			buildConfigurations = (
				EF8B0712283F7DE20050E726 /* Debug */,
				EF8B0713283F7DE20050E726 /* Release */,
			);
			defaultConfigurationIsVisible = 0;
			defaultConfigurationName = Release;
		};
		EF8B0714283F7DE20050E726 /* Build configuration list for PBXNativeTarget "Banksy" */ = {
			isa = XCConfigurationList;
			buildConfigurations = (
				EF8B0715283F7DE20050E726 /* Debug */,
				EF8B0716283F7DE20050E726 /* Release */,
			);
			defaultConfigurationIsVisible = 0;
			defaultConfigurationName = Release;
		};
		EFAC302628422B7000D0796A /* Build configuration list for PBXNativeTarget "BanksyUnitTests" */ = {
			isa = XCConfigurationList;
			buildConfigurations = (
				EFAC302728422B7000D0796A /* Debug */,
				EFAC302828422B7000D0796A /* Release */,
			);
			defaultConfigurationIsVisible = 0;
			defaultConfigurationName = Release;
		};
/* End XCConfigurationList section */
	};
	rootObject = EF8B06E2283F7DE00050E726 /* Project object */;
}
